// !$*UTF8*$!
{
	archiveVersion = 1;
	classes = {
	};
	objectVersion = 77;
	objects = {

/* Begin PBXContainerItemProxy section */
		94C6D83D2DB81B6F009CBAFB /* PBXContainerItemProxy */ = {
			isa = PBXContainerItemProxy;
			containerPortal = 94C6D8232DB81B6D009CBAFB /* Project object */;
			proxyType = 1;
			remoteGlobalIDString = 94C6D82A2DB81B6D009CBAFB;
			remoteInfo = Gome;
		};
		94C6D8472DB81B6F009CBAFB /* PBXContainerItemProxy */ = {
			isa = PBXContainerItemProxy;
			containerPortal = 94C6D8232DB81B6D009CBAFB /* Project object */;
			proxyType = 1;
			remoteGlobalIDString = 94C6D82A2DB81B6D009CBAFB;
			remoteInfo = Gome;
		};
/* End PBXContainerItemProxy section */

/* Begin PBXFileReference section */
		94C6D82B2DB81B6D009CBAFB /* Gome.app */ = {isa = PBXFileReference; explicitFileType = wrapper.application; includeInIndex = 0; path = Gome.app; sourceTree = BUILT_PRODUCTS_DIR; };
		94C6D83C2DB81B6F009CBAFB /* GomeTests.xctest */ = {isa = PBXFileReference; explicitFileType = wrapper.cfbundle; includeInIndex = 0; path = GomeTests.xctest; sourceTree = BUILT_PRODUCTS_DIR; };
		94C6D8462DB81B6F009CBAFB /* GomeUITests.xctest */ = {isa = PBXFileReference; explicitFileType = wrapper.cfbundle; includeInIndex = 0; path = GomeUITests.xctest; sourceTree = BUILT_PRODUCTS_DIR; };
/* End PBXFileReference section */

/* Begin PBXFileSystemSynchronizedBuildFileExceptionSet section */
		94C6D84E2DB81B6F009CBAFB /* Exceptions for "Gome" folder in "Gome" target */ = {
			isa = PBXFileSystemSynchronizedBuildFileExceptionSet;
			membershipExceptions = (
				Info.plist,
			);
			target = 94C6D82A2DB81B6D009CBAFB /* Gome */;
		};
/* End PBXFileSystemSynchronizedBuildFileExceptionSet section */

/* Begin PBXFileSystemSynchronizedRootGroup section */
		94C6D82D2DB81B6D009CBAFB /* Gome */ = {
			isa = PBXFileSystemSynchronizedRootGroup;
			exceptions = (
				94C6D84E2DB81B6F009CBAFB /* Exceptions for "Gome" folder in "Gome" target */,
			);
			path = Gome;
			sourceTree = "<group>";
		};
		94C6D83F2DB81B6F009CBAFB /* GomeTests */ = {
			isa = PBXFileSystemSynchronizedRootGroup;
			path = GomeTests;
			sourceTree = "<group>";
		};
		94C6D8492DB81B6F009CBAFB /* GomeUITests */ = {
			isa = PBXFileSystemSynchronizedRootGroup;
			path = GomeUITests;
			sourceTree = "<group>";
		};
/* End PBXFileSystemSynchronizedRootGroup section */

/* Begin PBXFrameworksBuildPhase section */
		94C6D8282DB81B6D009CBAFB /* Frameworks */ = {
			isa = PBXFrameworksBuildPhase;
			buildActionMask = 2147483647;
			files = (
			);
			runOnlyForDeploymentPostprocessing = 0;
		};
		94C6D8392DB81B6F009CBAFB /* Frameworks */ = {
			isa = PBXFrameworksBuildPhase;
			buildActionMask = 2147483647;
			files = (
			);
			runOnlyForDeploymentPostprocessing = 0;
		};
		94C6D8432DB81B6F009CBAFB /* Frameworks */ = {
			isa = PBXFrameworksBuildPhase;
			buildActionMask = 2147483647;
			files = (
			);
			runOnlyForDeploymentPostprocessing = 0;
		};
/* End PBXFrameworksBuildPhase section */

/* Begin PBXGroup section */
		94C6D8222DB81B6D009CBAFB = {
			isa = PBXGroup;
			children = (
				94C6D82D2DB81B6D009CBAFB /* Gome */,
				94C6D83F2DB81B6F009CBAFB /* GomeTests */,
				94C6D8492DB81B6F009CBAFB /* GomeUITests */,
				94C6D82C2DB81B6D009CBAFB /* Products */,
			);
			sourceTree = "<group>";
		};
		94C6D82C2DB81B6D009CBAFB /* Products */ = {
			isa = PBXGroup;
			children = (
				94C6D82B2DB81B6D009CBAFB /* Gome.app */,
				94C6D83C2DB81B6F009CBAFB /* GomeTests.xctest */,
				94C6D8462DB81B6F009CBAFB /* GomeUITests.xctest */,
			);
			name = Products;
			sourceTree = "<group>";
		};
/* End PBXGroup section */

/* Begin PBXNativeTarget section */
		94C6D82A2DB81B6D009CBAFB /* Gome */ = {
			isa = PBXNativeTarget;
			buildConfigurationList = 94C6D84F2DB81B6F009CBAFB /* Build configuration list for PBXNativeTarget "Gome" */;
			buildPhases = (
				94C6D8272DB81B6D009CBAFB /* Sources */,
				94C6D8282DB81B6D009CBAFB /* Frameworks */,
				94C6D8292DB81B6D009CBAFB /* Resources */,
			);
			buildRules = (
			);
			dependencies = (
			);
			fileSystemSynchronizedGroups = (
				94C6D82D2DB81B6D009CBAFB /* Gome */,
			);
			name = Gome;
			packageProductDependencies = (
			);
			productName = Gome;
			productReference = 94C6D82B2DB81B6D009CBAFB /* Gome.app */;
			productType = "com.apple.product-type.application";
		};
		94C6D83B2DB81B6F009CBAFB /* GomeTests */ = {
			isa = PBXNativeTarget;
			buildConfigurationList = 94C6D8542DB81B6F009CBAFB /* Build configuration list for PBXNativeTarget "GomeTests" */;
			buildPhases = (
				94C6D8382DB81B6F009CBAFB /* Sources */,
				94C6D8392DB81B6F009CBAFB /* Frameworks */,
				94C6D83A2DB81B6F009CBAFB /* Resources */,
			);
			buildRules = (
			);
			dependencies = (
				94C6D83E2DB81B6F009CBAFB /* PBXTargetDependency */,
			);
			fileSystemSynchronizedGroups = (
				94C6D83F2DB81B6F009CBAFB /* GomeTests */,
			);
			name = GomeTests;
			packageProductDependencies = (
			);
			productName = GomeTests;
			productReference = 94C6D83C2DB81B6F009CBAFB /* GomeTests.xctest */;
			productType = "com.apple.product-type.bundle.unit-test";
		};
		94C6D8452DB81B6F009CBAFB /* GomeUITests */ = {
			isa = PBXNativeTarget;
			buildConfigurationList = 94C6D8572DB81B6F009CBAFB /* Build configuration list for PBXNativeTarget "GomeUITests" */;
			buildPhases = (
				94C6D8422DB81B6F009CBAFB /* Sources */,
				94C6D8432DB81B6F009CBAFB /* Frameworks */,
				94C6D8442DB81B6F009CBAFB /* Resources */,
			);
			buildRules = (
			);
			dependencies = (
				94C6D8482DB81B6F009CBAFB /* PBXTargetDependency */,
			);
			fileSystemSynchronizedGroups = (
				94C6D8492DB81B6F009CBAFB /* GomeUITests */,
			);
			name = GomeUITests;
			packageProductDependencies = (
			);
			productName = GomeUITests;
			productReference = 94C6D8462DB81B6F009CBAFB /* GomeUITests.xctest */;
			productType = "com.apple.product-type.bundle.ui-testing";
		};
/* End PBXNativeTarget section */

/* Begin PBXProject section */
		94C6D8232DB81B6D009CBAFB /* Project object */ = {
			isa = PBXProject;
			attributes = {
				BuildIndependentTargetsInParallel = 1;
				LastSwiftUpdateCheck = 1630;
				LastUpgradeCheck = 1630;
				TargetAttributes = {
					94C6D82A2DB81B6D009CBAFB = {
						CreatedOnToolsVersion = 16.3;
					};
					94C6D83B2DB81B6F009CBAFB = {
						CreatedOnToolsVersion = 16.3;
						TestTargetID = 94C6D82A2DB81B6D009CBAFB;
					};
					94C6D8452DB81B6F009CBAFB = {
						CreatedOnToolsVersion = 16.3;
						TestTargetID = 94C6D82A2DB81B6D009CBAFB;
					};
				};
			};
			buildConfigurationList = 94C6D8262DB81B6D009CBAFB /* Build configuration list for PBXProject "Gome" */;
			developmentRegion = en;
			hasScannedForEncodings = 0;
			knownRegions = (
				en,
				Base,
			);
			mainGroup = 94C6D8222DB81B6D009CBAFB;
			minimizedProjectReferenceProxies = 1;
			preferredProjectObjectVersion = 77;
			productRefGroup = 94C6D82C2DB81B6D009CBAFB /* Products */;
			projectDirPath = "";
			projectRoot = "";
			targets = (
				94C6D82A2DB81B6D009CBAFB /* Gome */,
				94C6D83B2DB81B6F009CBAFB /* GomeTests */,
				94C6D8452DB81B6F009CBAFB /* GomeUITests */,
			);
		};
/* End PBXProject section */

/* Begin PBXResourcesBuildPhase section */
		94C6D8292DB81B6D009CBAFB /* Resources */ = {
			isa = PBXResourcesBuildPhase;
			buildActionMask = 2147483647;
			files = (
			);
			runOnlyForDeploymentPostprocessing = 0;
		};
		94C6D83A2DB81B6F009CBAFB /* Resources */ = {
			isa = PBXResourcesBuildPhase;
			buildActionMask = 2147483647;
			files = (
			);
			runOnlyForDeploymentPostprocessing = 0;
		};
		94C6D8442DB81B6F009CBAFB /* Resources */ = {
			isa = PBXResourcesBuildPhase;
			buildActionMask = 2147483647;
			files = (
			);
			runOnlyForDeploymentPostprocessing = 0;
		};
/* End PBXResourcesBuildPhase section */

/* Begin PBXSourcesBuildPhase section */
		94C6D8272DB81B6D009CBAFB /* Sources */ = {
			isa = PBXSourcesBuildPhase;
			buildActionMask = 2147483647;
			files = (
			);
			runOnlyForDeploymentPostprocessing = 0;
		};
		94C6D8382DB81B6F009CBAFB /* Sources */ = {
			isa = PBXSourcesBuildPhase;
			buildActionMask = 2147483647;
			files = (
			);
			runOnlyForDeploymentPostprocessing = 0;
		};
		94C6D8422DB81B6F009CBAFB /* Sources */ = {
			isa = PBXSourcesBuildPhase;
			buildActionMask = 2147483647;
			files = (
			);
			runOnlyForDeploymentPostprocessing = 0;
		};
/* End PBXSourcesBuildPhase section */

/* Begin PBXTargetDependency section */
		94C6D83E2DB81B6F009CBAFB /* PBXTargetDependency */ = {
			isa = PBXTargetDependency;
			target = 94C6D82A2DB81B6D009CBAFB /* Gome */;
			targetProxy = 94C6D83D2DB81B6F009CBAFB /* PBXContainerItemProxy */;
		};
		94C6D8482DB81B6F009CBAFB /* PBXTargetDependency */ = {
			isa = PBXTargetDependency;
			target = 94C6D82A2DB81B6D009CBAFB /* Gome */;
			targetProxy = 94C6D8472DB81B6F009CBAFB /* PBXContainerItemProxy */;
		};
/* End PBXTargetDependency section */

/* Begin XCBuildConfiguration section */
		94C6D8502DB81B6F009CBAFB /* Debug */ = {
			isa = XCBuildConfiguration;
			buildSettings = {
				ASSETCATALOG_COMPILER_APPICON_NAME = AppIcon;
				ASSETCATALOG_COMPILER_GLOBAL_ACCENT_COLOR_NAME = AccentColor;
				CODE_SIGN_ENTITLEMENTS = Gome/Gome.entitlements;
				CODE_SIGN_STYLE = Automatic;
				CURRENT_PROJECT_VERSION = 1;
				ENABLE_PREVIEWS = YES;
				GENERATE_INFOPLIST_FILE = YES;
				INFOPLIST_FILE = Gome/Info.plist;
				INFOPLIST_KEY_UIApplicationSceneManifest_Generation = YES;
				INFOPLIST_KEY_UIApplicationSupportsIndirectInputEvents = YES;
				INFOPLIST_KEY_UILaunchScreen_Generation = YES;
				INFOPLIST_KEY_UISupportedInterfaceOrientations_iPad = "UIInterfaceOrientationPortrait UIInterfaceOrientationPortraitUpsideDown UIInterfaceOrientationLandscapeLeft UIInterfaceOrientationLandscapeRight";
				INFOPLIST_KEY_UISupportedInterfaceOrientations_iPhone = "UIInterfaceOrientationPortrait UIInterfaceOrientationLandscapeLeft UIInterfaceOrientationLandscapeRight";
				LD_RUNPATH_SEARCH_PATHS = (
					"$(inherited)",
					"@executable_path/Frameworks",
				);
				MARKETING_VERSION = 1.0;
				PRODUCT_BUNDLE_IDENTIFIER = com.ryanleewilliams.Gome;
				PRODUCT_NAME = "$(TARGET_NAME)";
				SWIFT_EMIT_LOC_STRINGS = YES;
				SWIFT_VERSION = 5.0;
				TARGETED_DEVICE_FAMILY = "1,2";
			};
			name = Debug;
		};
		94C6D8512DB81B6F009CBAFB /* Release */ = {
			isa = XCBuildConfiguration;
			buildSettings = {
				ASSETCATALOG_COMPILER_APPICON_NAME = AppIcon;
				ASSETCATALOG_COMPILER_GLOBAL_ACCENT_COLOR_NAME = AccentColor;
				CODE_SIGN_ENTITLEMENTS = Gome/Gome.entitlements;
				CODE_SIGN_STYLE = Automatic;
				CURRENT_PROJECT_VERSION = 1;
				ENABLE_PREVIEWS = YES;
				GENERATE_INFOPLIST_FILE = YES;
				INFOPLIST_FILE = Gome/Info.plist;
				INFOPLIST_KEY_UIApplicationSceneManifest_Generation = YES;
				INFOPLIST_KEY_UIApplicationSupportsIndirectInputEvents = YES;
				INFOPLIST_KEY_UILaunchScreen_Generation = YES;
				INFOPLIST_KEY_UISupportedInterfaceOrientations_iPad = "UIInterfaceOrientationPortrait UIInterfaceOrientationPortraitUpsideDown UIInterfaceOrientationLandscapeLeft UIInterfaceOrientationLandscapeRight";
				INFOPLIST_KEY_UISupportedInterfaceOrientations_iPhone = "UIInterfaceOrientationPortrait UIInterfaceOrientationLandscapeLeft UIInterfaceOrientationLandscapeRight";
				LD_RUNPATH_SEARCH_PATHS = (
					"$(inherited)",
					"@executable_path/Frameworks",
				);
				MARKETING_VERSION = 1.0;
				PRODUCT_BUNDLE_IDENTIFIER = com.ryanleewilliams.Gome;
				PRODUCT_NAME = "$(TARGET_NAME)";
				SWIFT_EMIT_LOC_STRINGS = YES;
				SWIFT_VERSION = 5.0;
				TARGETED_DEVICE_FAMILY = "1,2";
			};
			name = Release;
		};
		94C6D8522DB81B6F009CBAFB /* Debug */ = {
			isa = XCBuildConfiguration;
			buildSettings = {
				ALWAYS_SEARCH_USER_PATHS = NO;
				ASSETCATALOG_COMPILER_GENERATE_SWIFT_ASSET_SYMBOL_EXTENSIONS = YES;
				CLANG_ANALYZER_NONNULL = YES;
				CLANG_ANALYZER_NUMBER_OBJECT_CONVERSION = YES_AGGRESSIVE;
				CLANG_CXX_LANGUAGE_STANDARD = "gnu++20";
				CLANG_ENABLE_MODULES = YES;
				CLANG_ENABLE_OBJC_ARC = YES;
				CLANG_ENABLE_OBJC_WEAK = YES;
				CLANG_WARN_BLOCK_CAPTURE_AUTORELEASING = YES;
				CLANG_WARN_BOOL_CONVERSION = YES;
				CLANG_WARN_COMMA = YES;
				CLANG_WARN_CONSTANT_CONVERSION = YES;
				CLANG_WARN_DEPRECATED_OBJC_IMPLEMENTATIONS = YES;
				CLANG_WARN_DIRECT_OBJC_ISA_USAGE = YES_ERROR;
				CLANG_WARN_DOCUMENTATION_COMMENTS = YES;
				CLANG_WARN_EMPTY_BODY = YES;
				CLANG_WARN_ENUM_CONVERSION = YES;
				CLANG_WARN_INFINITE_RECURSION = YES;
				CLANG_WARN_INT_CONVERSION = YES;
				CLANG_WARN_NON_LITERAL_NULL_CONVERSION = YES;
				CLANG_WARN_OBJC_IMPLICIT_RETAIN_SELF = YES;
				CLANG_WARN_OBJC_LITERAL_CONVERSION = YES;
				CLANG_WARN_OBJC_ROOT_CLASS = YES_ERROR;
				CLANG_WARN_QUOTED_INCLUDE_IN_FRAMEWORK_HEADER = YES;
				CLANG_WARN_RANGE_LOOP_ANALYSIS = YES;
				CLANG_WARN_STRICT_PROTOTYPES = YES;
				CLANG_WARN_SUSPICIOUS_MOVE = YES;
				CLANG_WARN_UNGUARDED_AVAILABILITY = YES_AGGRESSIVE;
				CLANG_WARN_UNREACHABLE_CODE = YES;
				CLANG_WARN__DUPLICATE_METHOD_MATCH = YES;
				COPY_PHASE_STRIP = NO;
				DEBUG_INFORMATION_FORMAT = dwarf;
				ENABLE_STRICT_OBJC_MSGSEND = YES;
				ENABLE_TESTABILITY = YES;
				ENABLE_USER_SCRIPT_SANDBOXING = YES;
				GCC_C_LANGUAGE_STANDARD = gnu17;
				GCC_DYNAMIC_NO_PIC = NO;
				GCC_NO_COMMON_BLOCKS = YES;
				GCC_OPTIMIZATION_LEVEL = 0;
				GCC_PREPROCESSOR_DEFINITIONS = (
					"DEBUG=1",
					"$(inherited)",
				);
				GCC_WARN_64_TO_32_BIT_CONVERSION = YES;
				GCC_WARN_ABOUT_RETURN_TYPE = YES_ERROR;
				GCC_WARN_UNDECLARED_SELECTOR = YES;
				GCC_WARN_UNINITIALIZED_AUTOS = YES_AGGRESSIVE;
				GCC_WARN_UNUSED_FUNCTION = YES;
				GCC_WARN_UNUSED_VARIABLE = YES;
				IPHONEOS_DEPLOYMENT_TARGET = 18.4;
				LOCALIZATION_PREFERS_STRING_CATALOGS = YES;
				MTL_ENABLE_DEBUG_INFO = INCLUDE_SOURCE;
				MTL_FAST_MATH = YES;
				ONLY_ACTIVE_ARCH = YES;
				SDKROOT = iphoneos;
				SWIFT_ACTIVE_COMPILATION_CONDITIONS = "DEBUG $(inherited)";
				SWIFT_OPTIMIZATION_LEVEL = "-Onone";
			};
			name = Debug;
		};
		94C6D8532DB81B6F009CBAFB /* Release */ = {
			isa = XCBuildConfiguration;
			buildSettings = {
				ALWAYS_SEARCH_USER_PATHS = NO;
				ASSETCATALOG_COMPILER_GENERATE_SWIFT_ASSET_SYMBOL_EXTENSIONS = YES;
				CLANG_ANALYZER_NONNULL = YES;
				CLANG_ANALYZER_NUMBER_OBJECT_CONVERSION = YES_AGGRESSIVE;
				CLANG_CXX_LANGUAGE_STANDARD = "gnu++20";
				CLANG_ENABLE_MODULES = YES;
				CLANG_ENABLE_OBJC_ARC = YES;
				CLANG_ENABLE_OBJC_WEAK = YES;
				CLANG_WARN_BLOCK_CAPTURE_AUTORELEASING = YES;
				CLANG_WARN_BOOL_CONVERSION = YES;
				CLANG_WARN_COMMA = YES;
				CLANG_WARN_CONSTANT_CONVERSION = YES;
				CLANG_WARN_DEPRECATED_OBJC_IMPLEMENTATIONS = YES;
				CLANG_WARN_DIRECT_OBJC_ISA_USAGE = YES_ERROR;
				CLANG_WARN_DOCUMENTATION_COMMENTS = YES;
				CLANG_WARN_EMPTY_BODY = YES;
				CLANG_WARN_ENUM_CONVERSION = YES;
				CLANG_WARN_INFINITE_RECURSION = YES;
				CLANG_WARN_INT_CONVERSION = YES;
				CLANG_WARN_NON_LITERAL_NULL_CONVERSION = YES;
				CLANG_WARN_OBJC_IMPLICIT_RETAIN_SELF = YES;
				CLANG_WARN_OBJC_LITERAL_CONVERSION = YES;
				CLANG_WARN_OBJC_ROOT_CLASS = YES_ERROR;
				CLANG_WARN_QUOTED_INCLUDE_IN_FRAMEWORK_HEADER = YES;
				CLANG_WARN_RANGE_LOOP_ANALYSIS = YES;
				CLANG_WARN_STRICT_PROTOTYPES = YES;
				CLANG_WARN_SUSPICIOUS_MOVE = YES;
				CLANG_WARN_UNGUARDED_AVAILABILITY = YES_AGGRESSIVE;
				CLANG_WARN_UNREACHABLE_CODE = YES;
				CLANG_WARN__DUPLICATE_METHOD_MATCH = YES;
				COPY_PHASE_STRIP = NO;
				DEBUG_INFORMATION_FORMAT = "dwarf-with-dsym";
				ENABLE_NS_ASSERTIONS = NO;
				ENABLE_STRICT_OBJC_MSGSEND = YES;
				ENABLE_USER_SCRIPT_SANDBOXING = YES;
				GCC_C_LANGUAGE_STANDARD = gnu17;
				GCC_NO_COMMON_BLOCKS = YES;
				GCC_WARN_64_TO_32_BIT_CONVERSION = YES;
				GCC_WARN_ABOUT_RETURN_TYPE = YES_ERROR;
				GCC_WARN_UNDECLARED_SELECTOR = YES;
				GCC_WARN_UNINITIALIZED_AUTOS = YES_AGGRESSIVE;
				GCC_WARN_UNUSED_FUNCTION = YES;
				GCC_WARN_UNUSED_VARIABLE = YES;
				IPHONEOS_DEPLOYMENT_TARGET = 18.4;
				LOCALIZATION_PREFERS_STRING_CATALOGS = YES;
				MTL_ENABLE_DEBUG_INFO = NO;
				MTL_FAST_MATH = YES;
				SDKROOT = iphoneos;
				SWIFT_COMPILATION_MODE = wholemodule;
				VALIDATE_PRODUCT = YES;
			};
			name = Release;
		};
		94C6D8552DB81B6F009CBAFB /* Debug */ = {
			isa = XCBuildConfiguration;
			buildSettings = {
				BUNDLE_LOADER = "$(TEST_HOST)";
				CODE_SIGN_STYLE = Automatic;
				CURRENT_PROJECT_VERSION = 1;
				GENERATE_INFOPLIST_FILE = YES;
				IPHONEOS_DEPLOYMENT_TARGET = 18.4;
				MARKETING_VERSION = 1.0;
				PRODUCT_BUNDLE_IDENTIFIER = com.ryanleewilliams.GomeTests;
				PRODUCT_NAME = "$(TARGET_NAME)";
				SWIFT_EMIT_LOC_STRINGS = NO;
				SWIFT_VERSION = 5.0;
				TARGETED_DEVICE_FAMILY = "1,2";
				TEST_HOST = "$(BUILT_PRODUCTS_DIR)/Gome.app/$(BUNDLE_EXECUTABLE_FOLDER_PATH)/Gome";
			};
			name = Debug;
		};
		94C6D8562DB81B6F009CBAFB /* Release */ = {
			isa = XCBuildConfiguration;
			buildSettings = {
				BUNDLE_LOADER = "$(TEST_HOST)";
				CODE_SIGN_STYLE = Automatic;
				CURRENT_PROJECT_VERSION = 1;
				GENERATE_INFOPLIST_FILE = YES;
				IPHONEOS_DEPLOYMENT_TARGET = 18.4;
				MARKETING_VERSION = 1.0;
				PRODUCT_BUNDLE_IDENTIFIER = com.ryanleewilliams.GomeTests;
				PRODUCT_NAME = "$(TARGET_NAME)";
				SWIFT_EMIT_LOC_STRINGS = NO;
				SWIFT_VERSION = 5.0;
				TARGETED_DEVICE_FAMILY = "1,2";
				TEST_HOST = "$(BUILT_PRODUCTS_DIR)/Gome.app/$(BUNDLE_EXECUTABLE_FOLDER_PATH)/Gome";
			};
			name = Release;
		};
		94C6D8582DB81B6F009CBAFB /* Debug */ = {
			isa = XCBuildConfiguration;
			buildSettings = {
				CODE_SIGN_STYLE = Automatic;
				CURRENT_PROJECT_VERSION = 1;
				GENERATE_INFOPLIST_FILE = YES;
				MARKETING_VERSION = 1.0;
				PRODUCT_BUNDLE_IDENTIFIER = com.ryanleewilliams.GomeUITests;
				PRODUCT_NAME = "$(TARGET_NAME)";
				SWIFT_EMIT_LOC_STRINGS = NO;
				SWIFT_VERSION = 5.0;
				TARGETED_DEVICE_FAMILY = "1,2";
				TEST_TARGET_NAME = Gome;
			};
			name = Debug;
		};
		94C6D8592DB81B6F009CBAFB /* Release */ = {
			isa = XCBuildConfiguration;
			buildSettings = {
				CODE_SIGN_STYLE = Automatic;
				CURRENT_PROJECT_VERSION = 1;
				GENERATE_INFOPLIST_FILE = YES;
				MARKETING_VERSION = 1.0;
				PRODUCT_BUNDLE_IDENTIFIER = com.ryanleewilliams.GomeUITests;
				PRODUCT_NAME = "$(TARGET_NAME)";
				SWIFT_EMIT_LOC_STRINGS = NO;
				SWIFT_VERSION = 5.0;
				TARGETED_DEVICE_FAMILY = "1,2";
				TEST_TARGET_NAME = Gome;
			};
			name = Release;
		};
/* End XCBuildConfiguration section */

/* Begin XCConfigurationList section */
		94C6D8262DB81B6D009CBAFB /* Build configuration list for PBXProject "Gome" */ = {
			isa = XCConfigurationList;
			buildConfigurations = (
				94C6D8522DB81B6F009CBAFB /* Debug */,
				94C6D8532DB81B6F009CBAFB /* Release */,
			);
			defaultConfigurationIsVisible = 0;
			defaultConfigurationName = Release;
		};
		94C6D84F2DB81B6F009CBAFB /* Build configuration list for PBXNativeTarget "Gome" */ = {
			isa = XCConfigurationList;
			buildConfigurations = (
				94C6D8502DB81B6F009CBAFB /* Debug */,
				94C6D8512DB81B6F009CBAFB /* Release */,
			);
			defaultConfigurationIsVisible = 0;
			defaultConfigurationName = Release;
		};
		94C6D8542DB81B6F009CBAFB /* Build configuration list for PBXNativeTarget "GomeTests" */ = {
			isa = XCConfigurationList;
			buildConfigurations = (
				94C6D8552DB81B6F009CBAFB /* Debug */,
				94C6D8562DB81B6F009CBAFB /* Release */,
			);
			defaultConfigurationIsVisible = 0;
			defaultConfigurationName = Release;
		};
		94C6D8572DB81B6F009CBAFB /* Build configuration list for PBXNativeTarget "GomeUITests" */ = {
			isa = XCConfigurationList;
			buildConfigurations = (
				94C6D8582DB81B6F009CBAFB /* Debug */,
				94C6D8592DB81B6F009CBAFB /* Release */,
			);
			defaultConfigurationIsVisible = 0;
			defaultConfigurationName = Release;
		};
/* End XCConfigurationList section */
	};
	rootObject = 94C6D8232DB81B6D009CBAFB /* Project object */;
}
